
Microsoft Visual Studio Solution File, Format Version 12.00
# Visual Studio Version 17
VisualStudioVersion = 17.0.31903.59
MinimumVisualStudioVersion = 10.0.40219.1
Project("{FAE04EC0-301F-11D3-BF4B-00C04F79EFBC}") = "WebApplication1", "src\WebApplication1\WebApplication1.csproj", "{228C5416-577E-4C5C-8E98-0F41D1FB3981}"
EndProject
Project("{FAE04EC0-301F-11D3-BF4B-00C04F79EFBC}") = "FunctionApp1", "src\FunctionApp1\FunctionApp1.csproj", "{DA9AC5D8-5766-42DF-8E18-1EC9DD2EE028}"
EndProject
Global
	GlobalSection(SolutionConfigurationPlatforms) = preSolution
		Debug|Any CPU = Debug|Any CPU
		Release|Any CPU = Release|Any CPU
	EndGlobalSection
	GlobalSection(ProjectConfigurationPlatforms) = postSolution
		{228C5416-577E-4C5C-8E98-0F41D1FB3981}.Debug|Any CPU.ActiveCfg = Debug|Any CPU
		{228C5416-577E-4C5C-8E98-0F41D1FB3981}.Debug|Any CPU.Build.0 = Debug|Any CPU
		{228C5416-577E-4C5C-8E98-0F41D1FB3981}.Release|Any CPU.ActiveCfg = Release|Any CPU
		{228C5416-577E-4C5C-8E98-0F41D1FB3981}.Release|Any CPU.Build.0 = Release|Any CPU
		{DA9AC5D8-5766-42DF-8E18-1EC9DD2EE028}.Debug|Any CPU.ActiveCfg = Debug|Any CPU
		{DA9AC5D8-5766-42DF-8E18-1EC9DD2EE028}.Debug|Any CPU.Build.0 = Debug|Any CPU
		{DA9AC5D8-5766-42DF-8E18-1EC9DD2EE028}.Release|Any CPU.ActiveCfg = Release|Any CPU
		{DA9AC5D8-5766-42DF-8E18-1EC9DD2EE028}.Release|Any CPU.Build.0 = Release|Any CPU
	EndGlobalSection
	GlobalSection(SolutionProperties) = preSolution
		HideSolutionNode = FALSE
	EndGlobalSection
EndGlobal
